// !$*UTF8*$!
{
	archiveVersion = 1;
	classes = {
	};
	objectVersion = 46;
	objects = {

/* Begin PBXBuildFile section */
		48879F921D23E49D003731BE /* AppDelegate.swift in Sources */ = {isa = PBXBuildFile; fileRef = 48879F911D23E49D003731BE /* AppDelegate.swift */; };
		48879F991D23E49D003731BE /* Assets.xcassets in Resources */ = {isa = PBXBuildFile; fileRef = 48879F981D23E49D003731BE /* Assets.xcassets */; };
		48879F9C1D23E49D003731BE /* LaunchScreen.storyboard in Resources */ = {isa = PBXBuildFile; fileRef = 48879F9A1D23E49D003731BE /* LaunchScreen.storyboard */; };
		48879FA51D23E4D8003731BE /* RootViewController.swift in Sources */ = {isa = PBXBuildFile; fileRef = 48879FA31D23E4D8003731BE /* RootViewController.swift */; };
		48879FA61D23E4D8003731BE /* RootViewController.xib in Resources */ = {isa = PBXBuildFile; fileRef = 48879FA41D23E4D8003731BE /* RootViewController.xib */; };
		48879FA81D23E53D003731BE /* Ball.swift in Sources */ = {isa = PBXBuildFile; fileRef = 48879FA71D23E53D003731BE /* Ball.swift */; };
		48879FAA1D23E547003731BE /* Ball.xib in Resources */ = {isa = PBXBuildFile; fileRef = 48879FA91D23E547003731BE /* Ball.xib */; };
/* End PBXBuildFile section */

/* Begin PBXFileReference section */
		48879F8E1D23E49D003731BE /* ball.app */ = {isa = PBXFileReference; explicitFileType = wrapper.application; includeInIndex = 0; path = ball.app; sourceTree = BUILT_PRODUCTS_DIR; };
		48879F911D23E49D003731BE /* AppDelegate.swift */ = {isa = PBXFileReference; lastKnownFileType = sourcecode.swift; path = AppDelegate.swift; sourceTree = "<group>"; };
		48879F981D23E49D003731BE /* Assets.xcassets */ = {isa = PBXFileReference; lastKnownFileType = folder.assetcatalog; path = Assets.xcassets; sourceTree = "<group>"; };
		48879F9B1D23E49D003731BE /* Base */ = {isa = PBXFileReference; lastKnownFileType = file.storyboard; name = Base; path = Base.lproj/LaunchScreen.storyboard; sourceTree = "<group>"; };
		48879F9D1D23E49D003731BE /* Info.plist */ = {isa = PBXFileReference; lastKnownFileType = text.plist.xml; path = Info.plist; sourceTree = "<group>"; };
		48879FA31D23E4D8003731BE /* RootViewController.swift */ = {isa = PBXFileReference; fileEncoding = 4; lastKnownFileType = sourcecode.swift; path = RootViewController.swift; sourceTree = "<group>"; };
		48879FA41D23E4D8003731BE /* RootViewController.xib */ = {isa = PBXFileReference; fileEncoding = 4; lastKnownFileType = file.xib; path = RootViewController.xib; sourceTree = "<group>"; };
		48879FA71D23E53D003731BE /* Ball.swift */ = {isa = PBXFileReference; fileEncoding = 4; lastKnownFileType = sourcecode.swift; path = Ball.swift; sourceTree = "<group>"; };
		48879FA91D23E547003731BE /* Ball.xib */ = {isa = PBXFileReference; fileEncoding = 4; lastKnownFileType = file.xib; path = Ball.xib; sourceTree = "<group>"; };
/* End PBXFileReference section */

/* Begin PBXFrameworksBuildPhase section */
		48879F8B1D23E49D003731BE /* Frameworks */ = {
			isa = PBXFrameworksBuildPhase;
			buildActionMask = 2147483647;
			files = (
			);
			runOnlyForDeploymentPostprocessing = 0;
		};
/* End PBXFrameworksBuildPhase section */

/* Begin PBXGroup section */
		48879F851D23E49D003731BE = {
			isa = PBXGroup;
			children = (
				48879F901D23E49D003731BE /* ball */,
				48879F8F1D23E49D003731BE /* Products */,
			);
			sourceTree = "<group>";
		};
		48879F8F1D23E49D003731BE /* Products */ = {
			isa = PBXGroup;
			children = (
				48879F8E1D23E49D003731BE /* ball.app */,
			);
			name = Products;
			sourceTree = "<group>";
		};
		48879F901D23E49D003731BE /* ball */ = {
			isa = PBXGroup;
			children = (
				48879F911D23E49D003731BE /* AppDelegate.swift */,
				48879F981D23E49D003731BE /* Assets.xcassets */,
				48879F9A1D23E49D003731BE /* LaunchScreen.storyboard */,
				48879F9D1D23E49D003731BE /* Info.plist */,
				48879FA31D23E4D8003731BE /* RootViewController.swift */,
				48879FA41D23E4D8003731BE /* RootViewController.xib */,
				48879FA71D23E53D003731BE /* Ball.swift */,
				48879FA91D23E547003731BE /* Ball.xib */,
			);
			path = ball;
			sourceTree = "<group>";
		};
/* End PBXGroup section */

/* Begin PBXNativeTarget section */
		48879F8D1D23E49D003731BE /* ball */ = {
			isa = PBXNativeTarget;
			buildConfigurationList = 48879FA01D23E49D003731BE /* Build configuration list for PBXNativeTarget "ball" */;
			buildPhases = (
				48879F8A1D23E49D003731BE /* Sources */,
				48879F8B1D23E49D003731BE /* Frameworks */,
				48879F8C1D23E49D003731BE /* Resources */,
			);
			buildRules = (
			);
			dependencies = (
			);
			name = ball;
			productName = ball;
			productReference = 48879F8E1D23E49D003731BE /* ball.app */;
			productType = "com.apple.product-type.application";
		};
/* End PBXNativeTarget section */

/* Begin PBXProject section */
		48879F861D23E49D003731BE /* Project object */ = {
			isa = PBXProject;
			attributes = {
				LastSwiftUpdateCheck = 0730;
				LastUpgradeCheck = 0730;
				ORGANIZATIONNAME = TruongNguyen;
				TargetAttributes = {
					48879F8D1D23E49D003731BE = {
						CreatedOnToolsVersion = 7.3.1;
						DevelopmentTeam = 564CD86DP8;
					};
				};
			};
			buildConfigurationList = 48879F891D23E49D003731BE /* Build configuration list for PBXProject "ball" */;
			compatibilityVersion = "Xcode 3.2";
			developmentRegion = English;
			hasScannedForEncodings = 0;
			knownRegions = (
				en,
				Base,
			);
			mainGroup = 48879F851D23E49D003731BE;
			productRefGroup = 48879F8F1D23E49D003731BE /* Products */;
			projectDirPath = "";
			projectRoot = "";
			targets = (
				48879F8D1D23E49D003731BE /* ball */,
			);
		};
/* End PBXProject section */

/* Begin PBXResourcesBuildPhase section */
		48879F8C1D23E49D003731BE /* Resources */ = {
			isa = PBXResourcesBuildPhase;
			buildActionMask = 2147483647;
			files = (
				48879FAA1D23E547003731BE /* Ball.xib in Resources */,
				48879F9C1D23E49D003731BE /* LaunchScreen.storyboard in Resources */,
				48879F991D23E49D003731BE /* Assets.xcassets in Resources */,
				48879FA61D23E4D8003731BE /* RootViewController.xib in Resources */,
			);
			runOnlyForDeploymentPostprocessing = 0;
		};
/* End PBXResourcesBuildPhase section */

/* Begin PBXSourcesBuildPhase section */
		48879F8A1D23E49D003731BE /* Sources */ = {
			isa = PBXSourcesBuildPhase;
			buildActionMask = 2147483647;
			files = (
				48879FA81D23E53D003731BE /* Ball.swift in Sources */,
				48879FA51D23E4D8003731BE /* RootViewController.swift in Sources */,
				48879F921D23E49D003731BE /* AppDelegate.swift in Sources */,
			);
			runOnlyForDeploymentPostprocessing = 0;
		};
/* End PBXSourcesBuildPhase section */

/* Begin PBXVariantGroup section */
		48879F9A1D23E49D003731BE /* LaunchScreen.storyboard */ = {
			isa = PBXVariantGroup;
			children = (
				48879F9B1D23E49D003731BE /* Base */,
			);
			name = LaunchScreen.storyboard;
			sourceTree = "<group>";
		};
/* End PBXVariantGroup section */

/* Begin XCBuildConfiguration section */
		48879F9E1D23E49D003731BE /* Debug */ = {
			isa = XCBuildConfiguration;
			buildSettings = {
				ALWAYS_SEARCH_USER_PATHS = NO;
				CLANG_ANALYZER_NONNULL = YES;
				CLANG_CXX_LANGUAGE_STANDARD = "gnu++0x";
				CLANG_CXX_LIBRARY = "libc++";
				CLANG_ENABLE_MODULES = YES;
				CLANG_ENABLE_OBJC_ARC = YES;
				CLANG_WARN_BOOL_CONVERSION = YES;
				CLANG_WARN_CONSTANT_CONVERSION = YES;
				CLANG_WARN_DIRECT_OBJC_ISA_USAGE = YES_ERROR;
				CLANG_WARN_EMPTY_BODY = YES;
				CLANG_WARN_ENUM_CONVERSION = YES;
				CLANG_WARN_INT_CONVERSION = YES;
				CLANG_WARN_OBJC_ROOT_CLASS = YES_ERROR;
				CLANG_WARN_UNREACHABLE_CODE = YES;
				CLANG_WARN__DUPLICATE_METHOD_MATCH = YES;
				"CODE_SIGN_IDENTITY[sdk=iphoneos*]" = "iPhone Developer";
				COPY_PHASE_STRIP = NO;
				DEBUG_INFORMATION_FORMAT = dwarf;
				ENABLE_STRICT_OBJC_MSGSEND = YES;
				ENABLE_TESTABILITY = YES;
				GCC_C_LANGUAGE_STANDARD = gnu99;
				GCC_DYNAMIC_NO_PIC = NO;
				GCC_NO_COMMON_BLOCKS = YES;
				GCC_OPTIMIZATION_LEVEL = 0;
				GCC_PREPROCESSOR_DEFINITIONS = (
					"DEBUG=1",
					"$(inherited)",
				);
				GCC_WARN_64_TO_32_BIT_CONVERSION = YES;
				GCC_WARN_ABOUT_RETURN_TYPE = YES_ERROR;
				GCC_WARN_UNDECLARED_SELECTOR = YES;
				GCC_WARN_UNINITIALIZED_AUTOS = YES_AGGRESSIVE;
				GCC_WARN_UNUSED_FUNCTION = YES;
				GCC_WARN_UNUSED_VARIABLE = YES;
				IPHONEOS_DEPLOYMENT_TARGET = 9.3;
				MTL_ENABLE_DEBUG_INFO = YES;
				ONLY_ACTIVE_ARCH = YES;
				SDKROOT = iphoneos;
				SWIFT_OPTIMIZATION_LEVEL = "-Onone";
			};
			name = Debug;
		};
		48879F9F1D23E49D003731BE /* Release */ = {
			isa = XCBuildConfiguration;
			buildSettings = {
				ALWAYS_SEARCH_USER_PATHS = NO;
				CLANG_ANALYZER_NONNULL = YES;
				CLANG_CXX_LANGUAGE_STANDARD = "gnu++0x";
				CLANG_CXX_LIBRARY = "libc++";
				CLANG_ENABLE_MODULES = YES;
				CLANG_ENABLE_OBJC_ARC = YES;
				CLANG_WARN_BOOL_CONVERSION = YES;
				CLANG_WARN_CONSTANT_CONVERSION = YES;
				CLANG_WARN_DIRECT_OBJC_ISA_USAGE = YES_ERROR;
				CLANG_WARN_EMPTY_BODY = YES;
				CLANG_WARN_ENUM_CONVERSION = YES;
				CLANG_WARN_INT_CONVERSION = YES;
				CLANG_WARN_OBJC_ROOT_CLASS = YES_ERROR;
				CLANG_WARN_UNREACHABLE_CODE = YES;
				CLANG_WARN__DUPLICATE_METHOD_MATCH = YES;
				"CODE_SIGN_IDENTITY[sdk=iphoneos*]" = "iPhone Developer";
				COPY_PHASE_STRIP = NO;
				DEBUG_INFORMATION_FORMAT = "dwarf-with-dsym";
				ENABLE_NS_ASSERTIONS = NO;
				ENABLE_STRICT_OBJC_MSGSEND = YES;
				GCC_C_LANGUAGE_STANDARD = gnu99;
				GCC_NO_COMMON_BLOCKS = YES;
				GCC_WARN_64_TO_32_BIT_CONVERSION = YES;
				GCC_WARN_ABOUT_RETURN_TYPE = YES_ERROR;
				GCC_WARN_UNDECLARED_SELECTOR = YES;
				GCC_WARN_UNINITIALIZED_AUTOS = YES_AGGRESSIVE;
				GCC_WARN_UNUSED_FUNCTION = YES;
				GCC_WARN_UNUSED_VARIABLE = YES;
				IPHONEOS_DEPLOYMENT_TARGET = 9.3;
				MTL_ENABLE_DEBUG_INFO = NO;
				SDKROOT = iphoneos;
				VALIDATE_PRODUCT = YES;
			};
			name = Release;
		};
		48879FA11D23E49D003731BE /* Debug */ = {
			isa = XCBuildConfiguration;
			buildSettings = {
				ASSETCATALOG_COMPILER_APPICON_NAME = AppIcon;
				INFOPLIST_FILE = ball/Info.plist;
				LD_RUNPATH_SEARCH_PATHS = "$(inherited) @executable_path/Frameworks";
				PRODUCT_BUNDLE_IDENTIFIER = TruongNguyen.ball;
				PRODUCT_NAME = "$(TARGET_NAME)";
			};
			name = Debug;
		};
		48879FA21D23E49D003731BE /* Release */ = {
			isa = XCBuildConfiguration;
			buildSettings = {
				ASSETCATALOG_COMPILER_APPICON_NAME = AppIcon;
				INFOPLIST_FILE = ball/Info.plist;
				LD_RUNPATH_SEARCH_PATHS = "$(inherited) @executable_path/Frameworks";
				PRODUCT_BUNDLE_IDENTIFIER = TruongNguyen.ball;
				PRODUCT_NAME = "$(TARGET_NAME)";
			};
			name = Release;
		};
/* End XCBuildConfiguration section */

/* Begin XCConfigurationList section */
		48879F891D23E49D003731BE /* Build configuration list for PBXProject "ball" */ = {
			isa = XCConfigurationList;
			buildConfigurations = (
				48879F9E1D23E49D003731BE /* Debug */,
				48879F9F1D23E49D003731BE /* Release */,
			);
			defaultConfigurationIsVisible = 0;
			defaultConfigurationName = Release;
		};
		48879FA01D23E49D003731BE /* Build configuration list for PBXNativeTarget "ball" */ = {
			isa = XCConfigurationList;
			buildConfigurations = (
				48879FA11D23E49D003731BE /* Debug */,
				48879FA21D23E49D003731BE /* Release */,
			);
			defaultConfigurationIsVisible = 0;
		};
/* End XCConfigurationList section */
	};
	rootObject = 48879F861D23E49D003731BE /* Project object */;
}
