// !$*UTF8*$!
{
	archiveVersion = 1;
	classes = {
	};
	objectVersion = 46;
	objects = {

/* Begin PBXBuildFile section */
		4805A0581D22006E006840B2 /* RootViewController.swift in Sources */ = {isa = PBXBuildFile; fileRef = 4805A0561D22006E006840B2 /* RootViewController.swift */; };
		4805A0591D22006E006840B2 /* RootViewController.xib in Resources */ = {isa = PBXBuildFile; fileRef = 4805A0571D22006E006840B2 /* RootViewController.xib */; };
		4805A05B1D220082006840B2 /* MyView.swift in Sources */ = {isa = PBXBuildFile; fileRef = 4805A05A1D220082006840B2 /* MyView.swift */; };
		4805A05D1D22008C006840B2 /* MyView.xib in Resources */ = {isa = PBXBuildFile; fileRef = 4805A05C1D22008C006840B2 /* MyView.xib */; };
		480C570E1D21FFFC004D1244 /* AppDelegate.swift in Sources */ = {isa = PBXBuildFile; fileRef = 480C570D1D21FFFC004D1244 /* AppDelegate.swift */; };
		480C57151D21FFFC004D1244 /* Assets.xcassets in Resources */ = {isa = PBXBuildFile; fileRef = 480C57141D21FFFC004D1244 /* Assets.xcassets */; };
		480C57181D21FFFC004D1244 /* LaunchScreen.storyboard in Resources */ = {isa = PBXBuildFile; fileRef = 480C57161D21FFFC004D1244 /* LaunchScreen.storyboard */; };
/* End PBXBuildFile section */

/* Begin PBXFileReference section */
		4805A0561D22006E006840B2 /* RootViewController.swift */ = {isa = PBXFileReference; fileEncoding = 4; lastKnownFileType = sourcecode.swift; path = RootViewController.swift; sourceTree = "<group>"; };
		4805A0571D22006E006840B2 /* RootViewController.xib */ = {isa = PBXFileReference; fileEncoding = 4; lastKnownFileType = file.xib; path = RootViewController.xib; sourceTree = "<group>"; };
		4805A05A1D220082006840B2 /* MyView.swift */ = {isa = PBXFileReference; fileEncoding = 4; lastKnownFileType = sourcecode.swift; path = MyView.swift; sourceTree = "<group>"; };
		4805A05C1D22008C006840B2 /* MyView.xib */ = {isa = PBXFileReference; fileEncoding = 4; lastKnownFileType = file.xib; path = MyView.xib; sourceTree = "<group>"; };
		480C570A1D21FFFC004D1244 /* Bai6.app */ = {isa = PBXFileReference; explicitFileType = wrapper.application; includeInIndex = 0; path = Bai6.app; sourceTree = BUILT_PRODUCTS_DIR; };
		480C570D1D21FFFC004D1244 /* AppDelegate.swift */ = {isa = PBXFileReference; lastKnownFileType = sourcecode.swift; path = AppDelegate.swift; sourceTree = "<group>"; };
		480C57141D21FFFC004D1244 /* Assets.xcassets */ = {isa = PBXFileReference; lastKnownFileType = folder.assetcatalog; path = Assets.xcassets; sourceTree = "<group>"; };
		480C57171D21FFFC004D1244 /* Base */ = {isa = PBXFileReference; lastKnownFileType = file.storyboard; name = Base; path = Base.lproj/LaunchScreen.storyboard; sourceTree = "<group>"; };
		480C57191D21FFFC004D1244 /* Info.plist */ = {isa = PBXFileReference; lastKnownFileType = text.plist.xml; path = Info.plist; sourceTree = "<group>"; };
/* End PBXFileReference section */

/* Begin PBXFrameworksBuildPhase section */
		480C57071D21FFFC004D1244 /* Frameworks */ = {
			isa = PBXFrameworksBuildPhase;
			buildActionMask = 2147483647;
			files = (
			);
			runOnlyForDeploymentPostprocessing = 0;
		};
/* End PBXFrameworksBuildPhase section */

/* Begin PBXGroup section */
		480C57011D21FFFC004D1244 = {
			isa = PBXGroup;
			children = (
				480C570C1D21FFFC004D1244 /* Bai6 */,
				480C570B1D21FFFC004D1244 /* Products */,
			);
			sourceTree = "<group>";
		};
		480C570B1D21FFFC004D1244 /* Products */ = {
			isa = PBXGroup;
			children = (
				480C570A1D21FFFC004D1244 /* Bai6.app */,
			);
			name = Products;
			sourceTree = "<group>";
		};
		480C570C1D21FFFC004D1244 /* Bai6 */ = {
			isa = PBXGroup;
			children = (
				480C570D1D21FFFC004D1244 /* AppDelegate.swift */,
				480C57141D21FFFC004D1244 /* Assets.xcassets */,
				480C57161D21FFFC004D1244 /* LaunchScreen.storyboard */,
				480C57191D21FFFC004D1244 /* Info.plist */,
				4805A0561D22006E006840B2 /* RootViewController.swift */,
				4805A0571D22006E006840B2 /* RootViewController.xib */,
				4805A05A1D220082006840B2 /* MyView.swift */,
				4805A05C1D22008C006840B2 /* MyView.xib */,
			);
			path = Bai6;
			sourceTree = "<group>";
		};
/* End PBXGroup section */

/* Begin PBXNativeTarget section */
		480C57091D21FFFC004D1244 /* Bai6 */ = {
			isa = PBXNativeTarget;
			buildConfigurationList = 480C571C1D21FFFC004D1244 /* Build configuration list for PBXNativeTarget "Bai6" */;
			buildPhases = (
				480C57061D21FFFC004D1244 /* Sources */,
				480C57071D21FFFC004D1244 /* Frameworks */,
				480C57081D21FFFC004D1244 /* Resources */,
			);
			buildRules = (
			);
			dependencies = (
			);
			name = Bai6;
			productName = Bai6;
			productReference = 480C570A1D21FFFC004D1244 /* Bai6.app */;
			productType = "com.apple.product-type.application";
		};
/* End PBXNativeTarget section */

/* Begin PBXProject section */
		480C57021D21FFFC004D1244 /* Project object */ = {
			isa = PBXProject;
			attributes = {
				LastSwiftUpdateCheck = 0730;
				LastUpgradeCheck = 0730;
				ORGANIZATIONNAME = TruongNguyen;
				TargetAttributes = {
					480C57091D21FFFC004D1244 = {
						CreatedOnToolsVersion = 7.3.1;
						DevelopmentTeam = 564CD86DP8;
					};
				};
			};
			buildConfigurationList = 480C57051D21FFFC004D1244 /* Build configuration list for PBXProject "Bai6" */;
			compatibilityVersion = "Xcode 3.2";
			developmentRegion = English;
			hasScannedForEncodings = 0;
			knownRegions = (
				en,
				Base,
			);
			mainGroup = 480C57011D21FFFC004D1244;
			productRefGroup = 480C570B1D21FFFC004D1244 /* Products */;
			projectDirPath = "";
			projectRoot = "";
			targets = (
				480C57091D21FFFC004D1244 /* Bai6 */,
			);
		};
/* End PBXProject section */

/* Begin PBXResourcesBuildPhase section */
		480C57081D21FFFC004D1244 /* Resources */ = {
			isa = PBXResourcesBuildPhase;
			buildActionMask = 2147483647;
			files = (
				4805A05D1D22008C006840B2 /* MyView.xib in Resources */,
				480C57181D21FFFC004D1244 /* LaunchScreen.storyboard in Resources */,
				480C57151D21FFFC004D1244 /* Assets.xcassets in Resources */,
				4805A0591D22006E006840B2 /* RootViewController.xib in Resources */,
			);
			runOnlyForDeploymentPostprocessing = 0;
		};
/* End PBXResourcesBuildPhase section */

/* Begin PBXSourcesBuildPhase section */
		480C57061D21FFFC004D1244 /* Sources */ = {
			isa = PBXSourcesBuildPhase;
			buildActionMask = 2147483647;
			files = (
				4805A05B1D220082006840B2 /* MyView.swift in Sources */,
				4805A0581D22006E006840B2 /* RootViewController.swift in Sources */,
				480C570E1D21FFFC004D1244 /* AppDelegate.swift in Sources */,
			);
			runOnlyForDeploymentPostprocessing = 0;
		};
/* End PBXSourcesBuildPhase section */

/* Begin PBXVariantGroup section */
		480C57161D21FFFC004D1244 /* LaunchScreen.storyboard */ = {
			isa = PBXVariantGroup;
			children = (
				480C57171D21FFFC004D1244 /* Base */,
			);
			name = LaunchScreen.storyboard;
			sourceTree = "<group>";
		};
/* End PBXVariantGroup section */

/* Begin XCBuildConfiguration section */
		480C571A1D21FFFC004D1244 /* Debug */ = {
			isa = XCBuildConfiguration;
			buildSettings = {
				ALWAYS_SEARCH_USER_PATHS = NO;
				CLANG_ANALYZER_NONNULL = YES;
				CLANG_CXX_LANGUAGE_STANDARD = "gnu++0x";
				CLANG_CXX_LIBRARY = "libc++";
				CLANG_ENABLE_MODULES = YES;
				CLANG_ENABLE_OBJC_ARC = YES;
				CLANG_WARN_BOOL_CONVERSION = YES;
				CLANG_WARN_CONSTANT_CONVERSION = YES;
				CLANG_WARN_DIRECT_OBJC_ISA_USAGE = YES_ERROR;
				CLANG_WARN_EMPTY_BODY = YES;
				CLANG_WARN_ENUM_CONVERSION = YES;
				CLANG_WARN_INT_CONVERSION = YES;
				CLANG_WARN_OBJC_ROOT_CLASS = YES_ERROR;
				CLANG_WARN_UNREACHABLE_CODE = YES;
				CLANG_WARN__DUPLICATE_METHOD_MATCH = YES;
				"CODE_SIGN_IDENTITY[sdk=iphoneos*]" = "iPhone Developer";
				COPY_PHASE_STRIP = NO;
				DEBUG_INFORMATION_FORMAT = dwarf;
				ENABLE_STRICT_OBJC_MSGSEND = YES;
				ENABLE_TESTABILITY = YES;
				GCC_C_LANGUAGE_STANDARD = gnu99;
				GCC_DYNAMIC_NO_PIC = NO;
				GCC_NO_COMMON_BLOCKS = YES;
				GCC_OPTIMIZATION_LEVEL = 0;
				GCC_PREPROCESSOR_DEFINITIONS = (
					"DEBUG=1",
					"$(inherited)",
				);
				GCC_WARN_64_TO_32_BIT_CONVERSION = YES;
				GCC_WARN_ABOUT_RETURN_TYPE = YES_ERROR;
				GCC_WARN_UNDECLARED_SELECTOR = YES;
				GCC_WARN_UNINITIALIZED_AUTOS = YES_AGGRESSIVE;
				GCC_WARN_UNUSED_FUNCTION = YES;
				GCC_WARN_UNUSED_VARIABLE = YES;
				IPHONEOS_DEPLOYMENT_TARGET = 9.3;
				MTL_ENABLE_DEBUG_INFO = YES;
				ONLY_ACTIVE_ARCH = YES;
				SDKROOT = iphoneos;
				SWIFT_OPTIMIZATION_LEVEL = "-Onone";
			};
			name = Debug;
		};
		480C571B1D21FFFC004D1244 /* Release */ = {
			isa = XCBuildConfiguration;
			buildSettings = {
				ALWAYS_SEARCH_USER_PATHS = NO;
				CLANG_ANALYZER_NONNULL = YES;
				CLANG_CXX_LANGUAGE_STANDARD = "gnu++0x";
				CLANG_CXX_LIBRARY = "libc++";
				CLANG_ENABLE_MODULES = YES;
				CLANG_ENABLE_OBJC_ARC = YES;
				CLANG_WARN_BOOL_CONVERSION = YES;
				CLANG_WARN_CONSTANT_CONVERSION = YES;
				CLANG_WARN_DIRECT_OBJC_ISA_USAGE = YES_ERROR;
				CLANG_WARN_EMPTY_BODY = YES;
				CLANG_WARN_ENUM_CONVERSION = YES;
				CLANG_WARN_INT_CONVERSION = YES;
				CLANG_WARN_OBJC_ROOT_CLASS = YES_ERROR;
				CLANG_WARN_UNREACHABLE_CODE = YES;
				CLANG_WARN__DUPLICATE_METHOD_MATCH = YES;
				"CODE_SIGN_IDENTITY[sdk=iphoneos*]" = "iPhone Developer";
				COPY_PHASE_STRIP = NO;
				DEBUG_INFORMATION_FORMAT = "dwarf-with-dsym";
				ENABLE_NS_ASSERTIONS = NO;
				ENABLE_STRICT_OBJC_MSGSEND = YES;
				GCC_C_LANGUAGE_STANDARD = gnu99;
				GCC_NO_COMMON_BLOCKS = YES;
				GCC_WARN_64_TO_32_BIT_CONVERSION = YES;
				GCC_WARN_ABOUT_RETURN_TYPE = YES_ERROR;
				GCC_WARN_UNDECLARED_SELECTOR = YES;
				GCC_WARN_UNINITIALIZED_AUTOS = YES_AGGRESSIVE;
				GCC_WARN_UNUSED_FUNCTION = YES;
				GCC_WARN_UNUSED_VARIABLE = YES;
				IPHONEOS_DEPLOYMENT_TARGET = 9.3;
				MTL_ENABLE_DEBUG_INFO = NO;
				SDKROOT = iphoneos;
				VALIDATE_PRODUCT = YES;
			};
			name = Release;
		};
		480C571D1D21FFFC004D1244 /* Debug */ = {
			isa = XCBuildConfiguration;
			buildSettings = {
				ASSETCATALOG_COMPILER_APPICON_NAME = AppIcon;
				INFOPLIST_FILE = Bai6/Info.plist;
				LD_RUNPATH_SEARCH_PATHS = "$(inherited) @executable_path/Frameworks";
				PRODUCT_BUNDLE_IDENTIFIER = TruongNguyen.Bai6;
				PRODUCT_NAME = "$(TARGET_NAME)";
			};
			name = Debug;
		};
		480C571E1D21FFFC004D1244 /* Release */ = {
			isa = XCBuildConfiguration;
			buildSettings = {
				ASSETCATALOG_COMPILER_APPICON_NAME = AppIcon;
				INFOPLIST_FILE = Bai6/Info.plist;
				LD_RUNPATH_SEARCH_PATHS = "$(inherited) @executable_path/Frameworks";
				PRODUCT_BUNDLE_IDENTIFIER = TruongNguyen.Bai6;
				PRODUCT_NAME = "$(TARGET_NAME)";
			};
			name = Release;
		};
/* End XCBuildConfiguration section */

/* Begin XCConfigurationList section */
		480C57051D21FFFC004D1244 /* Build configuration list for PBXProject "Bai6" */ = {
			isa = XCConfigurationList;
			buildConfigurations = (
				480C571A1D21FFFC004D1244 /* Debug */,
				480C571B1D21FFFC004D1244 /* Release */,
			);
			defaultConfigurationIsVisible = 0;
			defaultConfigurationName = Release;
		};
		480C571C1D21FFFC004D1244 /* Build configuration list for PBXNativeTarget "Bai6" */ = {
			isa = XCConfigurationList;
			buildConfigurations = (
				480C571D1D21FFFC004D1244 /* Debug */,
				480C571E1D21FFFC004D1244 /* Release */,
			);
			defaultConfigurationIsVisible = 0;
			defaultConfigurationName = Release;
		};
/* End XCConfigurationList section */
	};
	rootObject = 480C57021D21FFFC004D1244 /* Project object */;
}
