// !$*UTF8*$!
{
	archiveVersion = 1;
	classes = {
	};
	objectVersion = 46;
	objects = {

/* Begin PBXBuildFile section */
		48B421181D1CE14200517B06 /* AppDelegate.swift in Sources */ = {isa = PBXBuildFile; fileRef = 48B421171D1CE14200517B06 /* AppDelegate.swift */; };
		48B4211F1D1CE14200517B06 /* Assets.xcassets in Resources */ = {isa = PBXBuildFile; fileRef = 48B4211E1D1CE14200517B06 /* Assets.xcassets */; };
		48B421221D1CE14200517B06 /* LaunchScreen.storyboard in Resources */ = {isa = PBXBuildFile; fileRef = 48B421201D1CE14200517B06 /* LaunchScreen.storyboard */; };
		48B4212B1D1CE2D500517B06 /* RootViewController.swift in Sources */ = {isa = PBXBuildFile; fileRef = 48B421291D1CE2D500517B06 /* RootViewController.swift */; };
		48B4212C1D1CE2D500517B06 /* RootViewController.xib in Resources */ = {isa = PBXBuildFile; fileRef = 48B4212A1D1CE2D500517B06 /* RootViewController.xib */; };
/* End PBXBuildFile section */

/* Begin PBXFileReference section */
		48B421141D1CE14200517B06 /* Bai6.app */ = {isa = PBXFileReference; explicitFileType = wrapper.application; includeInIndex = 0; path = Bai6.app; sourceTree = BUILT_PRODUCTS_DIR; };
		48B421171D1CE14200517B06 /* AppDelegate.swift */ = {isa = PBXFileReference; lastKnownFileType = sourcecode.swift; path = AppDelegate.swift; sourceTree = "<group>"; };
		48B4211E1D1CE14200517B06 /* Assets.xcassets */ = {isa = PBXFileReference; lastKnownFileType = folder.assetcatalog; path = Assets.xcassets; sourceTree = "<group>"; };
		48B421211D1CE14200517B06 /* Base */ = {isa = PBXFileReference; lastKnownFileType = file.storyboard; name = Base; path = Base.lproj/LaunchScreen.storyboard; sourceTree = "<group>"; };
		48B421231D1CE14200517B06 /* Info.plist */ = {isa = PBXFileReference; lastKnownFileType = text.plist.xml; path = Info.plist; sourceTree = "<group>"; };
		48B421291D1CE2D500517B06 /* RootViewController.swift */ = {isa = PBXFileReference; fileEncoding = 4; lastKnownFileType = sourcecode.swift; path = RootViewController.swift; sourceTree = "<group>"; };
		48B4212A1D1CE2D500517B06 /* RootViewController.xib */ = {isa = PBXFileReference; fileEncoding = 4; lastKnownFileType = file.xib; path = RootViewController.xib; sourceTree = "<group>"; };
/* End PBXFileReference section */

/* Begin PBXFrameworksBuildPhase section */
		48B421111D1CE14200517B06 /* Frameworks */ = {
			isa = PBXFrameworksBuildPhase;
			buildActionMask = 2147483647;
			files = (
			);
			runOnlyForDeploymentPostprocessing = 0;
		};
/* End PBXFrameworksBuildPhase section */

/* Begin PBXGroup section */
		48B4210B1D1CE14200517B06 = {
			isa = PBXGroup;
			children = (
				48B421161D1CE14200517B06 /* Bai6 */,
				48B421151D1CE14200517B06 /* Products */,
			);
			sourceTree = "<group>";
		};
		48B421151D1CE14200517B06 /* Products */ = {
			isa = PBXGroup;
			children = (
				48B421141D1CE14200517B06 /* Bai6.app */,
			);
			name = Products;
			sourceTree = "<group>";
		};
		48B421161D1CE14200517B06 /* Bai6 */ = {
			isa = PBXGroup;
			children = (
				48B421171D1CE14200517B06 /* AppDelegate.swift */,
				48B4211E1D1CE14200517B06 /* Assets.xcassets */,
				48B421201D1CE14200517B06 /* LaunchScreen.storyboard */,
				48B421231D1CE14200517B06 /* Info.plist */,
				48B421291D1CE2D500517B06 /* RootViewController.swift */,
				48B4212A1D1CE2D500517B06 /* RootViewController.xib */,
			);
			path = Bai6;
			sourceTree = "<group>";
		};
/* End PBXGroup section */

/* Begin PBXNativeTarget section */
		48B421131D1CE14200517B06 /* Bai6 */ = {
			isa = PBXNativeTarget;
			buildConfigurationList = 48B421261D1CE14200517B06 /* Build configuration list for PBXNativeTarget "Bai6" */;
			buildPhases = (
				48B421101D1CE14200517B06 /* Sources */,
				48B421111D1CE14200517B06 /* Frameworks */,
				48B421121D1CE14200517B06 /* Resources */,
			);
			buildRules = (
			);
			dependencies = (
			);
			name = Bai6;
			productName = Bai6;
			productReference = 48B421141D1CE14200517B06 /* Bai6.app */;
			productType = "com.apple.product-type.application";
		};
/* End PBXNativeTarget section */

/* Begin PBXProject section */
		48B4210C1D1CE14200517B06 /* Project object */ = {
			isa = PBXProject;
			attributes = {
				LastSwiftUpdateCheck = 0730;
				LastUpgradeCheck = 0730;
				ORGANIZATIONNAME = TruongNguyen;
				TargetAttributes = {
					48B421131D1CE14200517B06 = {
						CreatedOnToolsVersion = 7.3.1;
						DevelopmentTeam = 564CD86DP8;
					};
				};
			};
			buildConfigurationList = 48B4210F1D1CE14200517B06 /* Build configuration list for PBXProject "Bai6" */;
			compatibilityVersion = "Xcode 3.2";
			developmentRegion = English;
			hasScannedForEncodings = 0;
			knownRegions = (
				en,
				Base,
			);
			mainGroup = 48B4210B1D1CE14200517B06;
			productRefGroup = 48B421151D1CE14200517B06 /* Products */;
			projectDirPath = "";
			projectRoot = "";
			targets = (
				48B421131D1CE14200517B06 /* Bai6 */,
			);
		};
/* End PBXProject section */

/* Begin PBXResourcesBuildPhase section */
		48B421121D1CE14200517B06 /* Resources */ = {
			isa = PBXResourcesBuildPhase;
			buildActionMask = 2147483647;
			files = (
				48B421221D1CE14200517B06 /* LaunchScreen.storyboard in Resources */,
				48B4211F1D1CE14200517B06 /* Assets.xcassets in Resources */,
				48B4212C1D1CE2D500517B06 /* RootViewController.xib in Resources */,
			);
			runOnlyForDeploymentPostprocessing = 0;
		};
/* End PBXResourcesBuildPhase section */

/* Begin PBXSourcesBuildPhase section */
		48B421101D1CE14200517B06 /* Sources */ = {
			isa = PBXSourcesBuildPhase;
			buildActionMask = 2147483647;
			files = (
				48B4212B1D1CE2D500517B06 /* RootViewController.swift in Sources */,
				48B421181D1CE14200517B06 /* AppDelegate.swift in Sources */,
			);
			runOnlyForDeploymentPostprocessing = 0;
		};
/* End PBXSourcesBuildPhase section */

/* Begin PBXVariantGroup section */
		48B421201D1CE14200517B06 /* LaunchScreen.storyboard */ = {
			isa = PBXVariantGroup;
			children = (
				48B421211D1CE14200517B06 /* Base */,
			);
			name = LaunchScreen.storyboard;
			sourceTree = "<group>";
		};
/* End PBXVariantGroup section */

/* Begin XCBuildConfiguration section */
		48B421241D1CE14200517B06 /* Debug */ = {
			isa = XCBuildConfiguration;
			buildSettings = {
				ALWAYS_SEARCH_USER_PATHS = NO;
				CLANG_ANALYZER_NONNULL = YES;
				CLANG_CXX_LANGUAGE_STANDARD = "gnu++0x";
				CLANG_CXX_LIBRARY = "libc++";
				CLANG_ENABLE_MODULES = YES;
				CLANG_ENABLE_OBJC_ARC = YES;
				CLANG_WARN_BOOL_CONVERSION = YES;
				CLANG_WARN_CONSTANT_CONVERSION = YES;
				CLANG_WARN_DIRECT_OBJC_ISA_USAGE = YES_ERROR;
				CLANG_WARN_EMPTY_BODY = YES;
				CLANG_WARN_ENUM_CONVERSION = YES;
				CLANG_WARN_INT_CONVERSION = YES;
				CLANG_WARN_OBJC_ROOT_CLASS = YES_ERROR;
				CLANG_WARN_UNREACHABLE_CODE = YES;
				CLANG_WARN__DUPLICATE_METHOD_MATCH = YES;
				"CODE_SIGN_IDENTITY[sdk=iphoneos*]" = "iPhone Developer";
				COPY_PHASE_STRIP = NO;
				DEBUG_INFORMATION_FORMAT = dwarf;
				ENABLE_STRICT_OBJC_MSGSEND = YES;
				ENABLE_TESTABILITY = YES;
				GCC_C_LANGUAGE_STANDARD = gnu99;
				GCC_DYNAMIC_NO_PIC = NO;
				GCC_NO_COMMON_BLOCKS = YES;
				GCC_OPTIMIZATION_LEVEL = 0;
				GCC_PREPROCESSOR_DEFINITIONS = (
					"DEBUG=1",
					"$(inherited)",
				);
				GCC_WARN_64_TO_32_BIT_CONVERSION = YES;
				GCC_WARN_ABOUT_RETURN_TYPE = YES_ERROR;
				GCC_WARN_UNDECLARED_SELECTOR = YES;
				GCC_WARN_UNINITIALIZED_AUTOS = YES_AGGRESSIVE;
				GCC_WARN_UNUSED_FUNCTION = YES;
				GCC_WARN_UNUSED_VARIABLE = YES;
				IPHONEOS_DEPLOYMENT_TARGET = 9.3;
				MTL_ENABLE_DEBUG_INFO = YES;
				ONLY_ACTIVE_ARCH = YES;
				SDKROOT = iphoneos;
				SWIFT_OPTIMIZATION_LEVEL = "-Onone";
			};
			name = Debug;
		};
		48B421251D1CE14200517B06 /* Release */ = {
			isa = XCBuildConfiguration;
			buildSettings = {
				ALWAYS_SEARCH_USER_PATHS = NO;
				CLANG_ANALYZER_NONNULL = YES;
				CLANG_CXX_LANGUAGE_STANDARD = "gnu++0x";
				CLANG_CXX_LIBRARY = "libc++";
				CLANG_ENABLE_MODULES = YES;
				CLANG_ENABLE_OBJC_ARC = YES;
				CLANG_WARN_BOOL_CONVERSION = YES;
				CLANG_WARN_CONSTANT_CONVERSION = YES;
				CLANG_WARN_DIRECT_OBJC_ISA_USAGE = YES_ERROR;
				CLANG_WARN_EMPTY_BODY = YES;
				CLANG_WARN_ENUM_CONVERSION = YES;
				CLANG_WARN_INT_CONVERSION = YES;
				CLANG_WARN_OBJC_ROOT_CLASS = YES_ERROR;
				CLANG_WARN_UNREACHABLE_CODE = YES;
				CLANG_WARN__DUPLICATE_METHOD_MATCH = YES;
				"CODE_SIGN_IDENTITY[sdk=iphoneos*]" = "iPhone Developer";
				COPY_PHASE_STRIP = NO;
				DEBUG_INFORMATION_FORMAT = "dwarf-with-dsym";
				ENABLE_NS_ASSERTIONS = NO;
				ENABLE_STRICT_OBJC_MSGSEND = YES;
				GCC_C_LANGUAGE_STANDARD = gnu99;
				GCC_NO_COMMON_BLOCKS = YES;
				GCC_WARN_64_TO_32_BIT_CONVERSION = YES;
				GCC_WARN_ABOUT_RETURN_TYPE = YES_ERROR;
				GCC_WARN_UNDECLARED_SELECTOR = YES;
				GCC_WARN_UNINITIALIZED_AUTOS = YES_AGGRESSIVE;
				GCC_WARN_UNUSED_FUNCTION = YES;
				GCC_WARN_UNUSED_VARIABLE = YES;
				IPHONEOS_DEPLOYMENT_TARGET = 9.3;
				MTL_ENABLE_DEBUG_INFO = NO;
				SDKROOT = iphoneos;
				VALIDATE_PRODUCT = YES;
			};
			name = Release;
		};
		48B421271D1CE14200517B06 /* Debug */ = {
			isa = XCBuildConfiguration;
			buildSettings = {
				ASSETCATALOG_COMPILER_APPICON_NAME = AppIcon;
				INFOPLIST_FILE = Bai6/Info.plist;
				LD_RUNPATH_SEARCH_PATHS = "$(inherited) @executable_path/Frameworks";
				PRODUCT_BUNDLE_IDENTIFIER = TruongNguyen.Bai6;
				PRODUCT_NAME = "$(TARGET_NAME)";
			};
			name = Debug;
		};
		48B421281D1CE14200517B06 /* Release */ = {
			isa = XCBuildConfiguration;
			buildSettings = {
				ASSETCATALOG_COMPILER_APPICON_NAME = AppIcon;
				INFOPLIST_FILE = Bai6/Info.plist;
				LD_RUNPATH_SEARCH_PATHS = "$(inherited) @executable_path/Frameworks";
				PRODUCT_BUNDLE_IDENTIFIER = TruongNguyen.Bai6;
				PRODUCT_NAME = "$(TARGET_NAME)";
			};
			name = Release;
		};
/* End XCBuildConfiguration section */

/* Begin XCConfigurationList section */
		48B4210F1D1CE14200517B06 /* Build configuration list for PBXProject "Bai6" */ = {
			isa = XCConfigurationList;
			buildConfigurations = (
				48B421241D1CE14200517B06 /* Debug */,
				48B421251D1CE14200517B06 /* Release */,
			);
			defaultConfigurationIsVisible = 0;
			defaultConfigurationName = Release;
		};
		48B421261D1CE14200517B06 /* Build configuration list for PBXNativeTarget "Bai6" */ = {
			isa = XCConfigurationList;
			buildConfigurations = (
				48B421271D1CE14200517B06 /* Debug */,
				48B421281D1CE14200517B06 /* Release */,
			);
			defaultConfigurationIsVisible = 0;
			defaultConfigurationName = Release;
		};
/* End XCConfigurationList section */
	};
	rootObject = 48B4210C1D1CE14200517B06 /* Project object */;
}
