// !$*UTF8*$!
{
	archiveVersion = 1;
	classes = {
	};
	objectVersion = 46;
	objects = {

/* Begin PBXBuildFile section */
		48DB77A21D1BF5FA00D59784 /* AppDelegate.swift in Sources */ = {isa = PBXBuildFile; fileRef = 48DB77A11D1BF5FA00D59784 /* AppDelegate.swift */; };
		48DB77A91D1BF5FA00D59784 /* Assets.xcassets in Resources */ = {isa = PBXBuildFile; fileRef = 48DB77A81D1BF5FA00D59784 /* Assets.xcassets */; };
		48DB77B51D1BF61D00D59784 /* ViewController.swift in Sources */ = {isa = PBXBuildFile; fileRef = 48DB77B31D1BF61D00D59784 /* ViewController.swift */; };
		48DB77B61D1BF61D00D59784 /* ViewController.xib in Resources */ = {isa = PBXBuildFile; fileRef = 48DB77B41D1BF61D00D59784 /* ViewController.xib */; };
/* End PBXBuildFile section */

/* Begin PBXFileReference section */
		48DB779E1D1BF5FA00D59784 /* BTCN_23062016.app */ = {isa = PBXFileReference; explicitFileType = wrapper.application; includeInIndex = 0; path = BTCN_23062016.app; sourceTree = BUILT_PRODUCTS_DIR; };
		48DB77A11D1BF5FA00D59784 /* AppDelegate.swift */ = {isa = PBXFileReference; lastKnownFileType = sourcecode.swift; path = AppDelegate.swift; sourceTree = "<group>"; };
		48DB77A81D1BF5FA00D59784 /* Assets.xcassets */ = {isa = PBXFileReference; lastKnownFileType = folder.assetcatalog; path = Assets.xcassets; sourceTree = "<group>"; };
		48DB77AD1D1BF5FA00D59784 /* Info.plist */ = {isa = PBXFileReference; lastKnownFileType = text.plist.xml; path = Info.plist; sourceTree = "<group>"; };
		48DB77B31D1BF61D00D59784 /* ViewController.swift */ = {isa = PBXFileReference; fileEncoding = 4; lastKnownFileType = sourcecode.swift; path = ViewController.swift; sourceTree = "<group>"; };
		48DB77B41D1BF61D00D59784 /* ViewController.xib */ = {isa = PBXFileReference; fileEncoding = 4; lastKnownFileType = file.xib; path = ViewController.xib; sourceTree = "<group>"; };
/* End PBXFileReference section */

/* Begin PBXFrameworksBuildPhase section */
		48DB779B1D1BF5FA00D59784 /* Frameworks */ = {
			isa = PBXFrameworksBuildPhase;
			buildActionMask = 2147483647;
			files = (
			);
			runOnlyForDeploymentPostprocessing = 0;
		};
/* End PBXFrameworksBuildPhase section */

/* Begin PBXGroup section */
		48DB77951D1BF5FA00D59784 = {
			isa = PBXGroup;
			children = (
				48DB77A01D1BF5FA00D59784 /* BTCN_23062016 */,
				48DB779F1D1BF5FA00D59784 /* Products */,
			);
			sourceTree = "<group>";
		};
		48DB779F1D1BF5FA00D59784 /* Products */ = {
			isa = PBXGroup;
			children = (
				48DB779E1D1BF5FA00D59784 /* BTCN_23062016.app */,
			);
			name = Products;
			sourceTree = "<group>";
		};
		48DB77A01D1BF5FA00D59784 /* BTCN_23062016 */ = {
			isa = PBXGroup;
			children = (
				48DB77A11D1BF5FA00D59784 /* AppDelegate.swift */,
				48DB77A81D1BF5FA00D59784 /* Assets.xcassets */,
				48DB77AD1D1BF5FA00D59784 /* Info.plist */,
				48DB77B31D1BF61D00D59784 /* ViewController.swift */,
				48DB77B41D1BF61D00D59784 /* ViewController.xib */,
			);
			path = BTCN_23062016;
			sourceTree = "<group>";
		};
/* End PBXGroup section */

/* Begin PBXNativeTarget section */
		48DB779D1D1BF5FA00D59784 /* BTCN_23062016 */ = {
			isa = PBXNativeTarget;
			buildConfigurationList = 48DB77B01D1BF5FA00D59784 /* Build configuration list for PBXNativeTarget "BTCN_23062016" */;
			buildPhases = (
				48DB779A1D1BF5FA00D59784 /* Sources */,
				48DB779B1D1BF5FA00D59784 /* Frameworks */,
				48DB779C1D1BF5FA00D59784 /* Resources */,
			);
			buildRules = (
			);
			dependencies = (
			);
			name = BTCN_23062016;
			productName = BTCN_23062016;
			productReference = 48DB779E1D1BF5FA00D59784 /* BTCN_23062016.app */;
			productType = "com.apple.product-type.application";
		};
/* End PBXNativeTarget section */

/* Begin PBXProject section */
		48DB77961D1BF5FA00D59784 /* Project object */ = {
			isa = PBXProject;
			attributes = {
				LastSwiftUpdateCheck = 0730;
				LastUpgradeCheck = 0730;
				ORGANIZATIONNAME = TruongNguyen;
				TargetAttributes = {
					48DB779D1D1BF5FA00D59784 = {
						CreatedOnToolsVersion = 7.3.1;
						DevelopmentTeam = 564CD86DP8;
					};
				};
			};
			buildConfigurationList = 48DB77991D1BF5FA00D59784 /* Build configuration list for PBXProject "BTCN_23062016" */;
			compatibilityVersion = "Xcode 3.2";
			developmentRegion = English;
			hasScannedForEncodings = 0;
			knownRegions = (
				en,
				Base,
			);
			mainGroup = 48DB77951D1BF5FA00D59784;
			productRefGroup = 48DB779F1D1BF5FA00D59784 /* Products */;
			projectDirPath = "";
			projectRoot = "";
			targets = (
				48DB779D1D1BF5FA00D59784 /* BTCN_23062016 */,
			);
		};
/* End PBXProject section */

/* Begin PBXResourcesBuildPhase section */
		48DB779C1D1BF5FA00D59784 /* Resources */ = {
			isa = PBXResourcesBuildPhase;
			buildActionMask = 2147483647;
			files = (
				48DB77B61D1BF61D00D59784 /* ViewController.xib in Resources */,
				48DB77A91D1BF5FA00D59784 /* Assets.xcassets in Resources */,
			);
			runOnlyForDeploymentPostprocessing = 0;
		};
/* End PBXResourcesBuildPhase section */

/* Begin PBXSourcesBuildPhase section */
		48DB779A1D1BF5FA00D59784 /* Sources */ = {
			isa = PBXSourcesBuildPhase;
			buildActionMask = 2147483647;
			files = (
				48DB77B51D1BF61D00D59784 /* ViewController.swift in Sources */,
				48DB77A21D1BF5FA00D59784 /* AppDelegate.swift in Sources */,
			);
			runOnlyForDeploymentPostprocessing = 0;
		};
/* End PBXSourcesBuildPhase section */

/* Begin XCBuildConfiguration section */
		48DB77AE1D1BF5FA00D59784 /* Debug */ = {
			isa = XCBuildConfiguration;
			buildSettings = {
				ALWAYS_SEARCH_USER_PATHS = NO;
				CLANG_ANALYZER_NONNULL = YES;
				CLANG_CXX_LANGUAGE_STANDARD = "gnu++0x";
				CLANG_CXX_LIBRARY = "libc++";
				CLANG_ENABLE_MODULES = YES;
				CLANG_ENABLE_OBJC_ARC = YES;
				CLANG_WARN_BOOL_CONVERSION = YES;
				CLANG_WARN_CONSTANT_CONVERSION = YES;
				CLANG_WARN_DIRECT_OBJC_ISA_USAGE = YES_ERROR;
				CLANG_WARN_EMPTY_BODY = YES;
				CLANG_WARN_ENUM_CONVERSION = YES;
				CLANG_WARN_INT_CONVERSION = YES;
				CLANG_WARN_OBJC_ROOT_CLASS = YES_ERROR;
				CLANG_WARN_UNREACHABLE_CODE = YES;
				CLANG_WARN__DUPLICATE_METHOD_MATCH = YES;
				"CODE_SIGN_IDENTITY[sdk=iphoneos*]" = "iPhone Developer";
				COPY_PHASE_STRIP = NO;
				DEBUG_INFORMATION_FORMAT = dwarf;
				ENABLE_STRICT_OBJC_MSGSEND = YES;
				ENABLE_TESTABILITY = YES;
				GCC_C_LANGUAGE_STANDARD = gnu99;
				GCC_DYNAMIC_NO_PIC = NO;
				GCC_NO_COMMON_BLOCKS = YES;
				GCC_OPTIMIZATION_LEVEL = 0;
				GCC_PREPROCESSOR_DEFINITIONS = (
					"DEBUG=1",
					"$(inherited)",
				);
				GCC_WARN_64_TO_32_BIT_CONVERSION = YES;
				GCC_WARN_ABOUT_RETURN_TYPE = YES_ERROR;
				GCC_WARN_UNDECLARED_SELECTOR = YES;
				GCC_WARN_UNINITIALIZED_AUTOS = YES_AGGRESSIVE;
				GCC_WARN_UNUSED_FUNCTION = YES;
				GCC_WARN_UNUSED_VARIABLE = YES;
				IPHONEOS_DEPLOYMENT_TARGET = 9.3;
				MTL_ENABLE_DEBUG_INFO = YES;
				ONLY_ACTIVE_ARCH = YES;
				SDKROOT = iphoneos;
				SWIFT_OPTIMIZATION_LEVEL = "-Onone";
			};
			name = Debug;
		};
		48DB77AF1D1BF5FA00D59784 /* Release */ = {
			isa = XCBuildConfiguration;
			buildSettings = {
				ALWAYS_SEARCH_USER_PATHS = NO;
				CLANG_ANALYZER_NONNULL = YES;
				CLANG_CXX_LANGUAGE_STANDARD = "gnu++0x";
				CLANG_CXX_LIBRARY = "libc++";
				CLANG_ENABLE_MODULES = YES;
				CLANG_ENABLE_OBJC_ARC = YES;
				CLANG_WARN_BOOL_CONVERSION = YES;
				CLANG_WARN_CONSTANT_CONVERSION = YES;
				CLANG_WARN_DIRECT_OBJC_ISA_USAGE = YES_ERROR;
				CLANG_WARN_EMPTY_BODY = YES;
				CLANG_WARN_ENUM_CONVERSION = YES;
				CLANG_WARN_INT_CONVERSION = YES;
				CLANG_WARN_OBJC_ROOT_CLASS = YES_ERROR;
				CLANG_WARN_UNREACHABLE_CODE = YES;
				CLANG_WARN__DUPLICATE_METHOD_MATCH = YES;
				"CODE_SIGN_IDENTITY[sdk=iphoneos*]" = "iPhone Developer";
				COPY_PHASE_STRIP = NO;
				DEBUG_INFORMATION_FORMAT = "dwarf-with-dsym";
				ENABLE_NS_ASSERTIONS = NO;
				ENABLE_STRICT_OBJC_MSGSEND = YES;
				GCC_C_LANGUAGE_STANDARD = gnu99;
				GCC_NO_COMMON_BLOCKS = YES;
				GCC_WARN_64_TO_32_BIT_CONVERSION = YES;
				GCC_WARN_ABOUT_RETURN_TYPE = YES_ERROR;
				GCC_WARN_UNDECLARED_SELECTOR = YES;
				GCC_WARN_UNINITIALIZED_AUTOS = YES_AGGRESSIVE;
				GCC_WARN_UNUSED_FUNCTION = YES;
				GCC_WARN_UNUSED_VARIABLE = YES;
				IPHONEOS_DEPLOYMENT_TARGET = 9.3;
				MTL_ENABLE_DEBUG_INFO = NO;
				SDKROOT = iphoneos;
				VALIDATE_PRODUCT = YES;
			};
			name = Release;
		};
		48DB77B11D1BF5FA00D59784 /* Debug */ = {
			isa = XCBuildConfiguration;
			buildSettings = {
				ASSETCATALOG_COMPILER_APPICON_NAME = AppIcon;
				INFOPLIST_FILE = BTCN_23062016/Info.plist;
				LD_RUNPATH_SEARCH_PATHS = "$(inherited) @executable_path/Frameworks";
				PRODUCT_BUNDLE_IDENTIFIER = "TruongNguyen.BTCN-23062016";
				PRODUCT_NAME = "$(TARGET_NAME)";
			};
			name = Debug;
		};
		48DB77B21D1BF5FA00D59784 /* Release */ = {
			isa = XCBuildConfiguration;
			buildSettings = {
				ASSETCATALOG_COMPILER_APPICON_NAME = AppIcon;
				INFOPLIST_FILE = BTCN_23062016/Info.plist;
				LD_RUNPATH_SEARCH_PATHS = "$(inherited) @executable_path/Frameworks";
				PRODUCT_BUNDLE_IDENTIFIER = "TruongNguyen.BTCN-23062016";
				PRODUCT_NAME = "$(TARGET_NAME)";
			};
			name = Release;
		};
/* End XCBuildConfiguration section */

/* Begin XCConfigurationList section */
		48DB77991D1BF5FA00D59784 /* Build configuration list for PBXProject "BTCN_23062016" */ = {
			isa = XCConfigurationList;
			buildConfigurations = (
				48DB77AE1D1BF5FA00D59784 /* Debug */,
				48DB77AF1D1BF5FA00D59784 /* Release */,
			);
			defaultConfigurationIsVisible = 0;
			defaultConfigurationName = Release;
		};
		48DB77B01D1BF5FA00D59784 /* Build configuration list for PBXNativeTarget "BTCN_23062016" */ = {
			isa = XCConfigurationList;
			buildConfigurations = (
				48DB77B11D1BF5FA00D59784 /* Debug */,
				48DB77B21D1BF5FA00D59784 /* Release */,
			);
			defaultConfigurationIsVisible = 0;
		};
/* End XCConfigurationList section */
	};
	rootObject = 48DB77961D1BF5FA00D59784 /* Project object */;
}
