// !$*UTF8*$!
{
	archiveVersion = 1;
	classes = {
	};
	objectVersion = 46;
	objects = {

/* Begin PBXBuildFile section */
		4834E4701D2CEC260052E376 /* AppDelegate.swift in Sources */ = {isa = PBXBuildFile; fileRef = 4834E46F1D2CEC260052E376 /* AppDelegate.swift */; };
		4834E4771D2CEC260052E376 /* Assets.xcassets in Resources */ = {isa = PBXBuildFile; fileRef = 4834E4761D2CEC260052E376 /* Assets.xcassets */; };
		4834E47A1D2CEC260052E376 /* LaunchScreen.storyboard in Resources */ = {isa = PBXBuildFile; fileRef = 4834E4781D2CEC260052E376 /* LaunchScreen.storyboard */; };
		4834E4831D2CEC4A0052E376 /* RootViewController.swift in Sources */ = {isa = PBXBuildFile; fileRef = 4834E4811D2CEC4A0052E376 /* RootViewController.swift */; };
		4834E4841D2CEC4A0052E376 /* RootViewController.xib in Resources */ = {isa = PBXBuildFile; fileRef = 4834E4821D2CEC4A0052E376 /* RootViewController.xib */; };
		4834E4861D2CEC9F0052E376 /* CustomDatePicker.swift in Sources */ = {isa = PBXBuildFile; fileRef = 4834E4851D2CEC9F0052E376 /* CustomDatePicker.swift */; };
		4834E4881D2CECB00052E376 /* CustomDatePicker.xib in Resources */ = {isa = PBXBuildFile; fileRef = 4834E4871D2CECB00052E376 /* CustomDatePicker.xib */; };
/* End PBXBuildFile section */

/* Begin PBXFileReference section */
		4834E46C1D2CEC260052E376 /* CustomDatePickerView.app */ = {isa = PBXFileReference; explicitFileType = wrapper.application; includeInIndex = 0; path = CustomDatePickerView.app; sourceTree = BUILT_PRODUCTS_DIR; };
		4834E46F1D2CEC260052E376 /* AppDelegate.swift */ = {isa = PBXFileReference; lastKnownFileType = sourcecode.swift; path = AppDelegate.swift; sourceTree = "<group>"; };
		4834E4761D2CEC260052E376 /* Assets.xcassets */ = {isa = PBXFileReference; lastKnownFileType = folder.assetcatalog; path = Assets.xcassets; sourceTree = "<group>"; };
		4834E4791D2CEC260052E376 /* Base */ = {isa = PBXFileReference; lastKnownFileType = file.storyboard; name = Base; path = Base.lproj/LaunchScreen.storyboard; sourceTree = "<group>"; };
		4834E47B1D2CEC260052E376 /* Info.plist */ = {isa = PBXFileReference; lastKnownFileType = text.plist.xml; path = Info.plist; sourceTree = "<group>"; };
		4834E4811D2CEC4A0052E376 /* RootViewController.swift */ = {isa = PBXFileReference; fileEncoding = 4; lastKnownFileType = sourcecode.swift; path = RootViewController.swift; sourceTree = "<group>"; };
		4834E4821D2CEC4A0052E376 /* RootViewController.xib */ = {isa = PBXFileReference; fileEncoding = 4; lastKnownFileType = file.xib; path = RootViewController.xib; sourceTree = "<group>"; };
		4834E4851D2CEC9F0052E376 /* CustomDatePicker.swift */ = {isa = PBXFileReference; fileEncoding = 4; lastKnownFileType = sourcecode.swift; path = CustomDatePicker.swift; sourceTree = "<group>"; };
		4834E4871D2CECB00052E376 /* CustomDatePicker.xib */ = {isa = PBXFileReference; fileEncoding = 4; lastKnownFileType = file.xib; path = CustomDatePicker.xib; sourceTree = "<group>"; };
/* End PBXFileReference section */

/* Begin PBXFrameworksBuildPhase section */
		4834E4691D2CEC260052E376 /* Frameworks */ = {
			isa = PBXFrameworksBuildPhase;
			buildActionMask = 2147483647;
			files = (
			);
			runOnlyForDeploymentPostprocessing = 0;
		};
/* End PBXFrameworksBuildPhase section */

/* Begin PBXGroup section */
		4834E4631D2CEC260052E376 = {
			isa = PBXGroup;
			children = (
				4834E46E1D2CEC260052E376 /* CustomDatePickerView */,
				4834E46D1D2CEC260052E376 /* Products */,
			);
			sourceTree = "<group>";
		};
		4834E46D1D2CEC260052E376 /* Products */ = {
			isa = PBXGroup;
			children = (
				4834E46C1D2CEC260052E376 /* CustomDatePickerView.app */,
			);
			name = Products;
			sourceTree = "<group>";
		};
		4834E46E1D2CEC260052E376 /* CustomDatePickerView */ = {
			isa = PBXGroup;
			children = (
				4834E46F1D2CEC260052E376 /* AppDelegate.swift */,
				4834E4761D2CEC260052E376 /* Assets.xcassets */,
				4834E4781D2CEC260052E376 /* LaunchScreen.storyboard */,
				4834E47B1D2CEC260052E376 /* Info.plist */,
				4834E4811D2CEC4A0052E376 /* RootViewController.swift */,
				4834E4821D2CEC4A0052E376 /* RootViewController.xib */,
				4834E4851D2CEC9F0052E376 /* CustomDatePicker.swift */,
				4834E4871D2CECB00052E376 /* CustomDatePicker.xib */,
			);
			path = CustomDatePickerView;
			sourceTree = "<group>";
		};
/* End PBXGroup section */

/* Begin PBXNativeTarget section */
		4834E46B1D2CEC260052E376 /* CustomDatePickerView */ = {
			isa = PBXNativeTarget;
			buildConfigurationList = 4834E47E1D2CEC260052E376 /* Build configuration list for PBXNativeTarget "CustomDatePickerView" */;
			buildPhases = (
				4834E4681D2CEC260052E376 /* Sources */,
				4834E4691D2CEC260052E376 /* Frameworks */,
				4834E46A1D2CEC260052E376 /* Resources */,
			);
			buildRules = (
			);
			dependencies = (
			);
			name = CustomDatePickerView;
			productName = CustomDatePickerView;
			productReference = 4834E46C1D2CEC260052E376 /* CustomDatePickerView.app */;
			productType = "com.apple.product-type.application";
		};
/* End PBXNativeTarget section */

/* Begin PBXProject section */
		4834E4641D2CEC260052E376 /* Project object */ = {
			isa = PBXProject;
			attributes = {
				LastSwiftUpdateCheck = 0730;
				LastUpgradeCheck = 0730;
				ORGANIZATIONNAME = TruongNguyen;
				TargetAttributes = {
					4834E46B1D2CEC260052E376 = {
						CreatedOnToolsVersion = 7.3.1;
						DevelopmentTeam = 564CD86DP8;
					};
				};
			};
			buildConfigurationList = 4834E4671D2CEC260052E376 /* Build configuration list for PBXProject "CustomDatePickerView" */;
			compatibilityVersion = "Xcode 3.2";
			developmentRegion = English;
			hasScannedForEncodings = 0;
			knownRegions = (
				en,
				Base,
			);
			mainGroup = 4834E4631D2CEC260052E376;
			productRefGroup = 4834E46D1D2CEC260052E376 /* Products */;
			projectDirPath = "";
			projectRoot = "";
			targets = (
				4834E46B1D2CEC260052E376 /* CustomDatePickerView */,
			);
		};
/* End PBXProject section */

/* Begin PBXResourcesBuildPhase section */
		4834E46A1D2CEC260052E376 /* Resources */ = {
			isa = PBXResourcesBuildPhase;
			buildActionMask = 2147483647;
			files = (
				4834E4881D2CECB00052E376 /* CustomDatePicker.xib in Resources */,
				4834E47A1D2CEC260052E376 /* LaunchScreen.storyboard in Resources */,
				4834E4771D2CEC260052E376 /* Assets.xcassets in Resources */,
				4834E4841D2CEC4A0052E376 /* RootViewController.xib in Resources */,
			);
			runOnlyForDeploymentPostprocessing = 0;
		};
/* End PBXResourcesBuildPhase section */

/* Begin PBXSourcesBuildPhase section */
		4834E4681D2CEC260052E376 /* Sources */ = {
			isa = PBXSourcesBuildPhase;
			buildActionMask = 2147483647;
			files = (
				4834E4831D2CEC4A0052E376 /* RootViewController.swift in Sources */,
				4834E4701D2CEC260052E376 /* AppDelegate.swift in Sources */,
				4834E4861D2CEC9F0052E376 /* CustomDatePicker.swift in Sources */,
			);
			runOnlyForDeploymentPostprocessing = 0;
		};
/* End PBXSourcesBuildPhase section */

/* Begin PBXVariantGroup section */
		4834E4781D2CEC260052E376 /* LaunchScreen.storyboard */ = {
			isa = PBXVariantGroup;
			children = (
				4834E4791D2CEC260052E376 /* Base */,
			);
			name = LaunchScreen.storyboard;
			sourceTree = "<group>";
		};
/* End PBXVariantGroup section */

/* Begin XCBuildConfiguration section */
		4834E47C1D2CEC260052E376 /* Debug */ = {
			isa = XCBuildConfiguration;
			buildSettings = {
				ALWAYS_SEARCH_USER_PATHS = NO;
				CLANG_ANALYZER_NONNULL = YES;
				CLANG_CXX_LANGUAGE_STANDARD = "gnu++0x";
				CLANG_CXX_LIBRARY = "libc++";
				CLANG_ENABLE_MODULES = YES;
				CLANG_ENABLE_OBJC_ARC = YES;
				CLANG_WARN_BOOL_CONVERSION = YES;
				CLANG_WARN_CONSTANT_CONVERSION = YES;
				CLANG_WARN_DIRECT_OBJC_ISA_USAGE = YES_ERROR;
				CLANG_WARN_EMPTY_BODY = YES;
				CLANG_WARN_ENUM_CONVERSION = YES;
				CLANG_WARN_INT_CONVERSION = YES;
				CLANG_WARN_OBJC_ROOT_CLASS = YES_ERROR;
				CLANG_WARN_UNREACHABLE_CODE = YES;
				CLANG_WARN__DUPLICATE_METHOD_MATCH = YES;
				"CODE_SIGN_IDENTITY[sdk=iphoneos*]" = "iPhone Developer";
				COPY_PHASE_STRIP = NO;
				DEBUG_INFORMATION_FORMAT = dwarf;
				ENABLE_STRICT_OBJC_MSGSEND = YES;
				ENABLE_TESTABILITY = YES;
				GCC_C_LANGUAGE_STANDARD = gnu99;
				GCC_DYNAMIC_NO_PIC = NO;
				GCC_NO_COMMON_BLOCKS = YES;
				GCC_OPTIMIZATION_LEVEL = 0;
				GCC_PREPROCESSOR_DEFINITIONS = (
					"DEBUG=1",
					"$(inherited)",
				);
				GCC_WARN_64_TO_32_BIT_CONVERSION = YES;
				GCC_WARN_ABOUT_RETURN_TYPE = YES_ERROR;
				GCC_WARN_UNDECLARED_SELECTOR = YES;
				GCC_WARN_UNINITIALIZED_AUTOS = YES_AGGRESSIVE;
				GCC_WARN_UNUSED_FUNCTION = YES;
				GCC_WARN_UNUSED_VARIABLE = YES;
				IPHONEOS_DEPLOYMENT_TARGET = 9.3;
				MTL_ENABLE_DEBUG_INFO = YES;
				ONLY_ACTIVE_ARCH = YES;
				SDKROOT = iphoneos;
				SWIFT_OPTIMIZATION_LEVEL = "-Onone";
			};
			name = Debug;
		};
		4834E47D1D2CEC260052E376 /* Release */ = {
			isa = XCBuildConfiguration;
			buildSettings = {
				ALWAYS_SEARCH_USER_PATHS = NO;
				CLANG_ANALYZER_NONNULL = YES;
				CLANG_CXX_LANGUAGE_STANDARD = "gnu++0x";
				CLANG_CXX_LIBRARY = "libc++";
				CLANG_ENABLE_MODULES = YES;
				CLANG_ENABLE_OBJC_ARC = YES;
				CLANG_WARN_BOOL_CONVERSION = YES;
				CLANG_WARN_CONSTANT_CONVERSION = YES;
				CLANG_WARN_DIRECT_OBJC_ISA_USAGE = YES_ERROR;
				CLANG_WARN_EMPTY_BODY = YES;
				CLANG_WARN_ENUM_CONVERSION = YES;
				CLANG_WARN_INT_CONVERSION = YES;
				CLANG_WARN_OBJC_ROOT_CLASS = YES_ERROR;
				CLANG_WARN_UNREACHABLE_CODE = YES;
				CLANG_WARN__DUPLICATE_METHOD_MATCH = YES;
				"CODE_SIGN_IDENTITY[sdk=iphoneos*]" = "iPhone Developer";
				COPY_PHASE_STRIP = NO;
				DEBUG_INFORMATION_FORMAT = "dwarf-with-dsym";
				ENABLE_NS_ASSERTIONS = NO;
				ENABLE_STRICT_OBJC_MSGSEND = YES;
				GCC_C_LANGUAGE_STANDARD = gnu99;
				GCC_NO_COMMON_BLOCKS = YES;
				GCC_WARN_64_TO_32_BIT_CONVERSION = YES;
				GCC_WARN_ABOUT_RETURN_TYPE = YES_ERROR;
				GCC_WARN_UNDECLARED_SELECTOR = YES;
				GCC_WARN_UNINITIALIZED_AUTOS = YES_AGGRESSIVE;
				GCC_WARN_UNUSED_FUNCTION = YES;
				GCC_WARN_UNUSED_VARIABLE = YES;
				IPHONEOS_DEPLOYMENT_TARGET = 9.3;
				MTL_ENABLE_DEBUG_INFO = NO;
				SDKROOT = iphoneos;
				VALIDATE_PRODUCT = YES;
			};
			name = Release;
		};
		4834E47F1D2CEC260052E376 /* Debug */ = {
			isa = XCBuildConfiguration;
			buildSettings = {
				ASSETCATALOG_COMPILER_APPICON_NAME = AppIcon;
				INFOPLIST_FILE = CustomDatePickerView/Info.plist;
				LD_RUNPATH_SEARCH_PATHS = "$(inherited) @executable_path/Frameworks";
				PRODUCT_BUNDLE_IDENTIFIER = TruongNguyen.CustomDatePickerView;
				PRODUCT_NAME = "$(TARGET_NAME)";
			};
			name = Debug;
		};
		4834E4801D2CEC260052E376 /* Release */ = {
			isa = XCBuildConfiguration;
			buildSettings = {
				ASSETCATALOG_COMPILER_APPICON_NAME = AppIcon;
				INFOPLIST_FILE = CustomDatePickerView/Info.plist;
				LD_RUNPATH_SEARCH_PATHS = "$(inherited) @executable_path/Frameworks";
				PRODUCT_BUNDLE_IDENTIFIER = TruongNguyen.CustomDatePickerView;
				PRODUCT_NAME = "$(TARGET_NAME)";
			};
			name = Release;
		};
/* End XCBuildConfiguration section */

/* Begin XCConfigurationList section */
		4834E4671D2CEC260052E376 /* Build configuration list for PBXProject "CustomDatePickerView" */ = {
			isa = XCConfigurationList;
			buildConfigurations = (
				4834E47C1D2CEC260052E376 /* Debug */,
				4834E47D1D2CEC260052E376 /* Release */,
			);
			defaultConfigurationIsVisible = 0;
			defaultConfigurationName = Release;
		};
		4834E47E1D2CEC260052E376 /* Build configuration list for PBXNativeTarget "CustomDatePickerView" */ = {
			isa = XCConfigurationList;
			buildConfigurations = (
				4834E47F1D2CEC260052E376 /* Debug */,
				4834E4801D2CEC260052E376 /* Release */,
			);
			defaultConfigurationIsVisible = 0;
		};
/* End XCConfigurationList section */
	};
	rootObject = 4834E4641D2CEC260052E376 /* Project object */;
}
